
Microsoft Visual Studio Solution File, Format Version 12.00
# Visual Studio Version 17
VisualStudioVersion = 17.8.34511.84
MinimumVisualStudioVersion = 10.0.40219.1
Project("{FAE04EC0-301F-11D3-BF4B-00C04F79EFBC}") = "HotelListing.API", "HotelListing.API.csproj", "{AF9EF68F-E81D-4681-9414-1CEE4F834CB8}"
EndProject
Project("{FAE04EC0-301F-11D3-BF4B-00C04F79EFBC}") = "HotelListing.MinimalAPI", "..\HotelListing.MinimalAPI\HotelListing.MinimalAPI.csproj", "{EAE96A45-C5D9-4EB2-8FDF-B1AD2CB9507C}"
EndProject
Global
	GlobalSection(SolutionConfigurationPlatforms) = preSolution
		Debug|Any CPU = Debug|Any CPU
		Release|Any CPU = Release|Any CPU
	EndGlobalSection
	GlobalSection(ProjectConfigurationPlatforms) = postSolution
		{AF9EF68F-E81D-4681-9414-1CEE4F834CB8}.Debug|Any CPU.ActiveCfg = Debug|Any CPU
		{AF9EF68F-E81D-4681-9414-1CEE4F834CB8}.Debug|Any CPU.Build.0 = Debug|Any CPU
		{AF9EF68F-E81D-4681-9414-1CEE4F834CB8}.Release|Any CPU.ActiveCfg = Release|Any CPU
		{AF9EF68F-E81D-4681-9414-1CEE4F834CB8}.Release|Any CPU.Build.0 = Release|Any CPU
		{EAE96A45-C5D9-4EB2-8FDF-B1AD2CB9507C}.Debug|Any CPU.ActiveCfg = Debug|Any CPU
		{EAE96A45-C5D9-4EB2-8FDF-B1AD2CB9507C}.Debug|Any CPU.Build.0 = Debug|Any CPU
		{EAE96A45-C5D9-4EB2-8FDF-B1AD2CB9507C}.Release|Any CPU.ActiveCfg = Release|Any CPU
		{EAE96A45-C5D9-4EB2-8FDF-B1AD2CB9507C}.Release|Any CPU.Build.0 = Release|Any CPU
	EndGlobalSection
	GlobalSection(SolutionProperties) = preSolution
		HideSolutionNode = FALSE
	EndGlobalSection
	GlobalSection(ExtensibilityGlobals) = postSolution
		SolutionGuid = {BD3F4C18-2EBC-4D60-9F6C-D14143DEBFB4}
	EndGlobalSection
EndGlobal
